{
  "name": "myapp",
  "version": "1.0.0",
  "lockfileVersion": 2,
  "requires": true,
  "packages": {
    "": {
      "name": "myapp",
      "version": "1.0.0",
      "license": "ISC",
      "dependencies": {
        "@leofuna/fluentsql-funa": "^1.0.0"
      }
    },
    "node_modules/@leofuna/fluentsql-funa": {
      "version": "1.0.1",
      "resolved": "https://registry.npmjs.org/@leofuna/fluentsql-funa/-/fluentsql-funa-1.0.1.tgz",
      "integrity": "sha512-ncxmaiQERaQFw68WzpVaMti95H5cHbosgrU/qCGRG5BttDGHYyuVi2TnizEMpGMkYRehnDM5F5EQYxJsOWDPjw=="
    }
  },
  "dependencies": {
    "@leofuna/fluentsql-funa": {
      "version": "1.0.1",
      "resolved": "https://registry.npmjs.org/@leofuna/fluentsql-funa/-/fluentsql-funa-1.0.1.tgz",
      "integrity": "sha512-ncxmaiQERaQFw68WzpVaMti95H5cHbosgrU/qCGRG5BttDGHYyuVi2TnizEMpGMkYRehnDM5F5EQYxJsOWDPjw=="
    }
  }
}
